
Microsoft Visual Studio Solution File, Format Version 12.00
# Visual Studio Version 17
VisualStudioVersion = 17.0.32014.148
MinimumVisualStudioVersion = 10.0.40219.1
Project("{2150E333-8FDC-42A3-9474-1A3956D46DE8}") = "Data Structures", "Data Structures", "{46B6A0E7-B4EF-4991-9901-ABBF491523E7}"
EndProject
Project("{2150E333-8FDC-42A3-9474-1A3956D46DE8}") = "Algorithms", "Algorithms", "{29DF9F8D-7ADA-40D4-9061-5D1FA108AA7A}"
EndProject
Project("{2150E333-8FDC-42A3-9474-1A3956D46DE8}") = "Graph", "Graph", "{18CCE62C-8FCF-4279-990A-2F06D3D12931}"
EndProject
Project("{8BC9CEB8-8B4A-11D0-8D11-00A0C91BC942}") = "kruskal", "Algorithms\Graph\kruskal\kruskal.vcxproj", "{873E42AF-DE6F-46CB-9EBD-856BDD515A89}"
EndProject
Project("{8BC9CEB8-8B4A-11D0-8D11-00A0C91BC942}") = "union find", "Algorithms\Graph\union find\union find.vcxproj", "{08F4C561-E0F5-4A5A-80D9-2E08C36D4F32}"
EndProject
Global
	GlobalSection(SolutionConfigurationPlatforms) = preSolution
		Debug|x64 = Debug|x64
		Debug|x86 = Debug|x86
		Release|x64 = Release|x64
		Release|x86 = Release|x86
	EndGlobalSection
	GlobalSection(ProjectConfigurationPlatforms) = postSolution
		{873E42AF-DE6F-46CB-9EBD-856BDD515A89}.Debug|x64.ActiveCfg = Debug|x64
		{873E42AF-DE6F-46CB-9EBD-856BDD515A89}.Debug|x64.Build.0 = Debug|x64
		{873E42AF-DE6F-46CB-9EBD-856BDD515A89}.Debug|x86.ActiveCfg = Debug|Win32
		{873E42AF-DE6F-46CB-9EBD-856BDD515A89}.Debug|x86.Build.0 = Debug|Win32
		{873E42AF-DE6F-46CB-9EBD-856BDD515A89}.Release|x64.ActiveCfg = Release|x64
		{873E42AF-DE6F-46CB-9EBD-856BDD515A89}.Release|x64.Build.0 = Release|x64
		{873E42AF-DE6F-46CB-9EBD-856BDD515A89}.Release|x86.ActiveCfg = Release|Win32
		{873E42AF-DE6F-46CB-9EBD-856BDD515A89}.Release|x86.Build.0 = Release|Win32
		{08F4C561-E0F5-4A5A-80D9-2E08C36D4F32}.Debug|x64.ActiveCfg = Debug|x64
		{08F4C561-E0F5-4A5A-80D9-2E08C36D4F32}.Debug|x64.Build.0 = Debug|x64
		{08F4C561-E0F5-4A5A-80D9-2E08C36D4F32}.Debug|x86.ActiveCfg = Debug|Win32
		{08F4C561-E0F5-4A5A-80D9-2E08C36D4F32}.Debug|x86.Build.0 = Debug|Win32
		{08F4C561-E0F5-4A5A-80D9-2E08C36D4F32}.Release|x64.ActiveCfg = Release|x64
		{08F4C561-E0F5-4A5A-80D9-2E08C36D4F32}.Release|x64.Build.0 = Release|x64
		{08F4C561-E0F5-4A5A-80D9-2E08C36D4F32}.Release|x86.ActiveCfg = Release|Win32
		{08F4C561-E0F5-4A5A-80D9-2E08C36D4F32}.Release|x86.Build.0 = Release|Win32
	EndGlobalSection
	GlobalSection(SolutionProperties) = preSolution
		HideSolutionNode = FALSE
	EndGlobalSection
	GlobalSection(NestedProjects) = preSolution
		{18CCE62C-8FCF-4279-990A-2F06D3D12931} = {29DF9F8D-7ADA-40D4-9061-5D1FA108AA7A}
		{873E42AF-DE6F-46CB-9EBD-856BDD515A89} = {18CCE62C-8FCF-4279-990A-2F06D3D12931}
		{08F4C561-E0F5-4A5A-80D9-2E08C36D4F32} = {18CCE62C-8FCF-4279-990A-2F06D3D12931}
	EndGlobalSection
	GlobalSection(ExtensibilityGlobals) = postSolution
		SolutionGuid = {263EECC8-BF3E-429A-8E05-EB21275B0696}
	EndGlobalSection
EndGlobal
